PODS:
  - Alamofire (4.8.1)
  - Moya/Core (12.0.1):
    - Alamofire (~> 4.1)
    - Result (~> 4.0)
  - Moya/RxSwift (12.0.1):
    - Moya/Core
    - RxSwift (~> 4.0)
  - Result (4.1.0)
  - RxAtomic (4.4.1)
  - RxSwift (4.4.1):
    - RxAtomic (~> 4.4)
  - WQPackage (0.1.0):
    - WQPackage/WQMoya (= 0.1.0)
  - WQPackage/WQMoya (0.1.0):
    - Moya/RxSwift

DEPENDENCIES:
  - Moya/RxSwift
  - WQPackage (from `../`)

SPEC REPOS:
  https://github.com/cocoapods/specs.git:
    - Alamofire
    - Moya
    - Result
    - RxAtomic
    - RxSwift

EXTERNAL SOURCES:
  WQPackage:
    :path: "../"

SPEC CHECKSUMS:
  Alamofire: 16ce2c353fb72865124ddae8a57c5942388f4f11
  Moya: cf730b3cd9e005401ef37a85143aa141a12fd38f
  Result: bd966fac789cc6c1563440b348ab2598cc24d5c7
  RxAtomic: f8d6adc1ccb87a767811269e4875887bc74dbf19
  RxSwift: 92fcf68dfef21f3e2ab1965363d9e7b3d787597e
  WQPackage: bac3bd1ed25f2f62fa1f6624610b49615db19402

PODFILE CHECKSUM: be62b7befc0340c4f0aa26929663b89aa4aa44d1

COCOAPODS: 1.6.0
